// !$*UTF8*$!
{
	archiveVersion = 1;
	classes = {
	};
	objectVersion = 77;
	objects = {

/* Begin PBXBuildFile section */
		2307AFBE2F12BB3A00690E69 /* GoogleSignIn in Frameworks */ = {isa = PBXBuildFile; productRef = 2307AFBD2F12BB3A00690E69 /* GoogleSignIn */; };
		2307AFC02F12BB3A00690E69 /* GoogleSignInSwift in Frameworks */ = {isa = PBXBuildFile; productRef = 2307AFBF2F12BB3A00690E69 /* GoogleSignInSwift */; };
		232EB1A72F69B81100BE086E /* FirebaseFunctions in Frameworks */ = {isa = PBXBuildFile; productRef = 232EB1A62F69B81100BE086E /* FirebaseFunctions */; };
		23652D3B2F57705F00461063 /* firestore.rules in Resources */ = {isa = PBXBuildFile; fileRef = 23652D3A2F57705F00461063 /* firestore.rules */; };
		23A619482F9CEDC100E7AB36 /* StrikeZoneHeatmapView.swift in Sources */ = {isa = PBXBuildFile; fileRef = 23A619472F9CEDC100E7AB36 /* StrikeZoneHeatmapView.swift */; };
		23B131CE2F75A50800A70589 /* GoogleSignInSwift in Frameworks */ = {isa = PBXBuildFile; productRef = 23B131CD2F75A50800A70589 /* GoogleSignInSwift */; };
		23B131D22F75A91D00A70589 /* GoogleService-Info.plist in Resources */ = {isa = PBXBuildFile; fileRef = 23B131D12F75A91D00A70589 /* GoogleService-Info.plist */; };
		23F1A88B2F12C6EF0094E7BC /* FirebaseAuth in Frameworks */ = {isa = PBXBuildFile; productRef = 23F1A88A2F12C6EF0094E7BC /* FirebaseAuth */; };
		23F1A88D2F12C7030094E7BC /* FirebaseFirestore in Frameworks */ = {isa = PBXBuildFile; productRef = 23F1A88C2F12C7030094E7BC /* FirebaseFirestore */; };
		23F1A88F2F12C70B0094E7BC /* FirebaseAnalytics in Frameworks */ = {isa = PBXBuildFile; productRef = 23F1A88E2F12C70B0094E7BC /* FirebaseAnalytics */; };
		23F1A8912F12C7140094E7BC /* FirebaseAppCheck in Frameworks */ = {isa = PBXBuildFile; productRef = 23F1A8902F12C7140094E7BC /* FirebaseAppCheck */; };
		23F1A8932F12C7200094E7BC /* FirebaseMessaging in Frameworks */ = {isa = PBXBuildFile; productRef = 23F1A8922F12C7200094E7BC /* FirebaseMessaging */; };
		23F1A8952F12C7260094E7BC /* FirebaseStorage in Frameworks */ = {isa = PBXBuildFile; productRef = 23F1A8942F12C7260094E7BC /* FirebaseStorage */; };
		23F7D2BE2F7586290010D7BF /* DisplayOnlyWindowView.swift in Sources */ = {isa = PBXBuildFile; fileRef = 23F7D2BD2F7586280010D7BF /* DisplayOnlyWindowView.swift */; };
		23F7D2C02F758DE70010D7BF /* CodeDisplayOverlayView.swift in Sources */ = {isa = PBXBuildFile; fileRef = 23F7D2BF2F758DE70010D7BF /* CodeDisplayOverlayView.swift */; };
		23F7D2DE2F7597D80010D7BF /* PitchMarkDisplayApp.swift in Sources */ = {isa = PBXBuildFile; fileRef = 23F7D2D72F75979E0010D7BF /* PitchMarkDisplayApp.swift */; };
		23F7D2DF2F7597E10010D7BF /* DisplayRootView.swift in Sources */ = {isa = PBXBuildFile; fileRef = 23F7D2D82F75979E0010D7BF /* DisplayRootView.swift */; };
		23F7D2E02F7597E80010D7BF /* DisplayOnlyScreen.swift in Sources */ = {isa = PBXBuildFile; fileRef = 23F7D2D92F75979E0010D7BF /* DisplayOnlyScreen.swift */; };
		23F7D2E52F7599F20010D7BF /* CodeDisplayOverlayView.swift in Sources */ = {isa = PBXBuildFile; fileRef = 23F7D2BF2F758DE70010D7BF /* CodeDisplayOverlayView.swift */; };
		23F7D2E82F759BAE0010D7BF /* FirebaseAppCheck in Frameworks */ = {isa = PBXBuildFile; productRef = 23F7D2E72F759BAE0010D7BF /* FirebaseAppCheck */; };
		23F7D2EA2F759BAE0010D7BF /* FirebaseAuth in Frameworks */ = {isa = PBXBuildFile; productRef = 23F7D2E92F759BAE0010D7BF /* FirebaseAuth */; };
		23F7D2EC2F759BAE0010D7BF /* FirebaseCore in Frameworks */ = {isa = PBXBuildFile; productRef = 23F7D2EB2F759BAE0010D7BF /* FirebaseCore */; };
		23F7D2EE2F759BAE0010D7BF /* FirebaseFirestore in Frameworks */ = {isa = PBXBuildFile; productRef = 23F7D2ED2F759BAE0010D7BF /* FirebaseFirestore */; };
		23F7D2F02F759BAE0010D7BF /* FirebaseFunctions in Frameworks */ = {isa = PBXBuildFile; productRef = 23F7D2EF2F759BAE0010D7BF /* FirebaseFunctions */; };
		23F7D2F22F759BAE0010D7BF /* GoogleSignIn in Frameworks */ = {isa = PBXBuildFile; productRef = 23F7D2F12F759BAE0010D7BF /* GoogleSignIn */; };
		23F7D2F72F759DE90010D7BF /* StrikeZoneButtonLabel.swift in Sources */ = {isa = PBXBuildFile; fileRef = 23F7D2F62F759DE90010D7BF /* StrikeZoneButtonLabel.swift */; };
/* End PBXBuildFile section */

/* Begin PBXFileReference section */
		23652D3A2F57705F00461063 /* firestore.rules */ = {isa = PBXFileReference; lastKnownFileType = text; path = firestore.rules; sourceTree = "<group>"; };
		239F0B7C2F12B238004E32DD /* PitchMark.app */ = {isa = PBXFileReference; explicitFileType = wrapper.application; includeInIndex = 0; path = PitchMark.app; sourceTree = BUILT_PRODUCTS_DIR; };
		23A619472F9CEDC100E7AB36 /* StrikeZoneHeatmapView.swift */ = {isa = PBXFileReference; lastKnownFileType = sourcecode.swift; path = StrikeZoneHeatmapView.swift; sourceTree = "<group>"; };
		23B131D12F75A91D00A70589 /* GoogleService-Info.plist */ = {isa = PBXFileReference; lastKnownFileType = text.plist.xml; path = "GoogleService-Info.plist"; sourceTree = "<group>"; };
		23F7D2BD2F7586280010D7BF /* DisplayOnlyWindowView.swift */ = {isa = PBXFileReference; lastKnownFileType = sourcecode.swift; path = DisplayOnlyWindowView.swift; sourceTree = "<group>"; };
		23F7D2BF2F758DE70010D7BF /* CodeDisplayOverlayView.swift */ = {isa = PBXFileReference; lastKnownFileType = sourcecode.swift; path = CodeDisplayOverlayView.swift; sourceTree = "<group>"; };
		23F7D2C52F758F710010D7BF /* Pitchmark Display.app */ = {isa = PBXFileReference; explicitFileType = wrapper.application; includeInIndex = 0; path = "Pitchmark Display.app"; sourceTree = BUILT_PRODUCTS_DIR; };
		23F7D2D72F75979E0010D7BF /* PitchMarkDisplayApp.swift */ = {isa = PBXFileReference; lastKnownFileType = sourcecode.swift; path = PitchMarkDisplayApp.swift; sourceTree = "<group>"; };
		23F7D2D82F75979E0010D7BF /* DisplayRootView.swift */ = {isa = PBXFileReference; lastKnownFileType = sourcecode.swift; path = DisplayRootView.swift; sourceTree = "<group>"; };
		23F7D2D92F75979E0010D7BF /* DisplayOnlyScreen.swift */ = {isa = PBXFileReference; lastKnownFileType = sourcecode.swift; path = DisplayOnlyScreen.swift; sourceTree = "<group>"; };
		23F7D2F62F759DE90010D7BF /* StrikeZoneButtonLabel.swift */ = {isa = PBXFileReference; lastKnownFileType = sourcecode.swift; path = StrikeZoneButtonLabel.swift; sourceTree = "<group>"; };
/* End PBXFileReference section */

/* Begin PBXFileSystemSynchronizedBuildFileExceptionSet section */
		2307AFC22F12C5BB00690E69 /* Exceptions for "PitchMark" folder in "PitchMark" target */ = {
			isa = PBXFileSystemSynchronizedBuildFileExceptionSet;
			membershipExceptions = (
				Info.plist,
			);
			target = 239F0B7B2F12B238004E32DD /* PitchMark */;
		};
		23F7D2E22F7599BC0010D7BF /* Exceptions for "PitchMark" folder in "Pitchmark Display" target */ = {
			isa = PBXFileSystemSynchronizedBuildFileExceptionSet;
			membershipExceptions = (
				AuthManager.swift,
				CalledPitchRecord.swift,
				Games.swift,
				Notifications.swift,
				"Pitch%.swift",
				PitchSessionManager.swift,
				SignInView.swift,
				SubscriptionManager.swift,
				Utilities.swift,
			);
			target = 23F7D2C42F758F710010D7BF /* Pitchmark Display */;
		};
/* End PBXFileSystemSynchronizedBuildFileExceptionSet section */

/* Begin PBXFileSystemSynchronizedRootGroup section */
		239F0B7E2F12B238004E32DD /* PitchMark */ = {
			isa = PBXFileSystemSynchronizedRootGroup;
			exceptions = (
				2307AFC22F12C5BB00690E69 /* Exceptions for "PitchMark" folder in "PitchMark" target */,
				23F7D2E22F7599BC0010D7BF /* Exceptions for "PitchMark" folder in "Pitchmark Display" target */,
			);
			path = PitchMark;
			sourceTree = "<group>";
		};
		23F7D2C62F758F710010D7BF /* Pitchmark Display */ = {
			isa = PBXFileSystemSynchronizedRootGroup;
			path = "Pitchmark Display";
			sourceTree = "<group>";
		};
/* End PBXFileSystemSynchronizedRootGroup section */

/* Begin PBXFrameworksBuildPhase section */
		239F0B792F12B238004E32DD /* Frameworks */ = {
			isa = PBXFrameworksBuildPhase;
			buildActionMask = 2147483647;
			files = (
				2307AFBE2F12BB3A00690E69 /* GoogleSignIn in Frameworks */,
				23F1A88D2F12C7030094E7BC /* FirebaseFirestore in Frameworks */,
				23F1A8932F12C7200094E7BC /* FirebaseMessaging in Frameworks */,
				232EB1A72F69B81100BE086E /* FirebaseFunctions in Frameworks */,
				23F1A88B2F12C6EF0094E7BC /* FirebaseAuth in Frameworks */,
				23F1A88F2F12C70B0094E7BC /* FirebaseAnalytics in Frameworks */,
				23F1A8952F12C7260094E7BC /* FirebaseStorage in Frameworks */,
				23F1A8912F12C7140094E7BC /* FirebaseAppCheck in Frameworks */,
				2307AFC02F12BB3A00690E69 /* GoogleSignInSwift in Frameworks */,
			);
			runOnlyForDeploymentPostprocessing = 0;
		};
		23F7D2C22F758F710010D7BF /* Frameworks */ = {
			isa = PBXFrameworksBuildPhase;
			buildActionMask = 2147483647;
			files = (
				23F7D2E82F759BAE0010D7BF /* FirebaseAppCheck in Frameworks */,
				23F7D2EE2F759BAE0010D7BF /* FirebaseFirestore in Frameworks */,
				23B131CE2F75A50800A70589 /* GoogleSignInSwift in Frameworks */,
				23F7D2F02F759BAE0010D7BF /* FirebaseFunctions in Frameworks */,
				23F7D2EC2F759BAE0010D7BF /* FirebaseCore in Frameworks */,
				23F7D2EA2F759BAE0010D7BF /* FirebaseAuth in Frameworks */,
				23F7D2F22F759BAE0010D7BF /* GoogleSignIn in Frameworks */,
			);
			runOnlyForDeploymentPostprocessing = 0;
		};
/* End PBXFrameworksBuildPhase section */

/* Begin PBXGroup section */
		239F0B732F12B238004E32DD = {
			isa = PBXGroup;
			children = (
				239F0B7E2F12B238004E32DD /* PitchMark */,
				23F7D2C62F758F710010D7BF /* Pitchmark Display */,
				23F1A8892F12C6EF0094E7BC /* Frameworks */,
				239F0B7D2F12B238004E32DD /* Products */,
				23652D3A2F57705F00461063 /* firestore.rules */,
				23F7D2BD2F7586280010D7BF /* DisplayOnlyWindowView.swift */,
				23F7D2BF2F758DE70010D7BF /* CodeDisplayOverlayView.swift */,
				23F7D2DA2F75979E0010D7BF /* PitchMarkDisplay */,
				23F7D2F62F759DE90010D7BF /* StrikeZoneButtonLabel.swift */,
				23A619472F9CEDC100E7AB36 /* StrikeZoneHeatmapView.swift */,
			);
			sourceTree = "<group>";
		};
		239F0B7D2F12B238004E32DD /* Products */ = {
			isa = PBXGroup;
			children = (
				239F0B7C2F12B238004E32DD /* PitchMark.app */,
				23F7D2C52F758F710010D7BF /* Pitchmark Display.app */,
			);
			name = Products;
			sourceTree = "<group>";
		};
		23F1A8892F12C6EF0094E7BC /* Frameworks */ = {
			isa = PBXGroup;
			children = (
			);
			name = Frameworks;
			sourceTree = "<group>";
		};
		23F7D2DA2F75979E0010D7BF /* PitchMarkDisplay */ = {
			isa = PBXGroup;
			children = (
				23F7D2D72F75979E0010D7BF /* PitchMarkDisplayApp.swift */,
				23F7D2D82F75979E0010D7BF /* DisplayRootView.swift */,
				23F7D2D92F75979E0010D7BF /* DisplayOnlyScreen.swift */,
				23B131D12F75A91D00A70589 /* GoogleService-Info.plist */,
			);
			path = PitchMarkDisplay;
			sourceTree = "<group>";
		};
/* End PBXGroup section */

/* Begin PBXNativeTarget section */
		239F0B7B2F12B238004E32DD /* PitchMark */ = {
			isa = PBXNativeTarget;
			buildConfigurationList = 239F0B872F12B239004E32DD /* Build configuration list for PBXNativeTarget "PitchMark" */;
			buildPhases = (
				239F0B782F12B238004E32DD /* Sources */,
				239F0B792F12B238004E32DD /* Frameworks */,
				239F0B7A2F12B238004E32DD /* Resources */,
			);
			buildRules = (
			);
			dependencies = (
			);
			fileSystemSynchronizedGroups = (
				239F0B7E2F12B238004E32DD /* PitchMark */,
			);
			name = PitchMark;
			packageProductDependencies = (
				2307AFBD2F12BB3A00690E69 /* GoogleSignIn */,
				2307AFBF2F12BB3A00690E69 /* GoogleSignInSwift */,
				23F1A88A2F12C6EF0094E7BC /* FirebaseAuth */,
				23F1A88C2F12C7030094E7BC /* FirebaseFirestore */,
				23F1A88E2F12C70B0094E7BC /* FirebaseAnalytics */,
				23F1A8902F12C7140094E7BC /* FirebaseAppCheck */,
				23F1A8922F12C7200094E7BC /* FirebaseMessaging */,
				23F1A8942F12C7260094E7BC /* FirebaseStorage */,
				232EB1A62F69B81100BE086E /* FirebaseFunctions */,
			);
			productName = PitchMark;
			productReference = 239F0B7C2F12B238004E32DD /* PitchMark.app */;
			productType = "com.apple.product-type.application";
		};
		23F7D2C42F758F710010D7BF /* Pitchmark Display */ = {
			isa = PBXNativeTarget;
			buildConfigurationList = 23F7D2CD2F758F720010D7BF /* Build configuration list for PBXNativeTarget "Pitchmark Display" */;
			buildPhases = (
				23F7D2C12F758F710010D7BF /* Sources */,
				23F7D2C22F758F710010D7BF /* Frameworks */,
				23F7D2C32F758F710010D7BF /* Resources */,
			);
			buildRules = (
			);
			dependencies = (
			);
			name = "Pitchmark Display";
			packageProductDependencies = (
				23F7D2E72F759BAE0010D7BF /* FirebaseAppCheck */,
				23F7D2E92F759BAE0010D7BF /* FirebaseAuth */,
				23F7D2EB2F759BAE0010D7BF /* FirebaseCore */,
				23F7D2ED2F759BAE0010D7BF /* FirebaseFirestore */,
				23F7D2EF2F759BAE0010D7BF /* FirebaseFunctions */,
				23F7D2F12F759BAE0010D7BF /* GoogleSignIn */,
				23B131CD2F75A50800A70589 /* GoogleSignInSwift */,
			);
			productName = "Pitchmark Display";
			productReference = 23F7D2C52F758F710010D7BF /* Pitchmark Display.app */;
			productType = "com.apple.product-type.application";
		};
/* End PBXNativeTarget section */

/* Begin PBXProject section */
		239F0B742F12B238004E32DD /* Project object */ = {
			isa = PBXProject;
			attributes = {
				BuildIndependentTargetsInParallel = 1;
				LastSwiftUpdateCheck = 2630;
				LastUpgradeCheck = 2620;
				TargetAttributes = {
					239F0B7B2F12B238004E32DD = {
						CreatedOnToolsVersion = 26.2;
					};
					23F7D2C42F758F710010D7BF = {
						CreatedOnToolsVersion = 26.3;
					};
				};
			};
			buildConfigurationList = 239F0B772F12B238004E32DD /* Build configuration list for PBXProject "PitchMark" */;
			developmentRegion = en;
			hasScannedForEncodings = 0;
			knownRegions = (
				en,
				Base,
			);
			mainGroup = 239F0B732F12B238004E32DD;
			minimizedProjectReferenceProxies = 1;
			packageReferences = (
				2307AFBB2F12B49800690E69 /* XCRemoteSwiftPackageReference "firebase-ios-sdk" */,
				2307AFBC2F12BB3A00690E69 /* XCRemoteSwiftPackageReference "GoogleSignIn-iOS" */,
			);
			preferredProjectObjectVersion = 77;
			productRefGroup = 239F0B7D2F12B238004E32DD /* Products */;
			projectDirPath = "";
			projectRoot = "";
			targets = (
				239F0B7B2F12B238004E32DD /* PitchMark */,
				23F7D2C42F758F710010D7BF /* Pitchmark Display */,
			);
		};
/* End PBXProject section */

/* Begin PBXResourcesBuildPhase section */
		239F0B7A2F12B238004E32DD /* Resources */ = {
			isa = PBXResourcesBuildPhase;
			buildActionMask = 2147483647;
			files = (
				23652D3B2F57705F00461063 /* firestore.rules in Resources */,
			);
			runOnlyForDeploymentPostprocessing = 0;
		};
		23F7D2C32F758F710010D7BF /* Resources */ = {
			isa = PBXResourcesBuildPhase;
			buildActionMask = 2147483647;
			files = (
				23B131D22F75A91D00A70589 /* GoogleService-Info.plist in Resources */,
			);
			runOnlyForDeploymentPostprocessing = 0;
		};
/* End PBXResourcesBuildPhase section */

/* Begin PBXSourcesBuildPhase section */
		239F0B782F12B238004E32DD /* Sources */ = {
			isa = PBXSourcesBuildPhase;
			buildActionMask = 2147483647;
			files = (
				23F7D2BE2F7586290010D7BF /* DisplayOnlyWindowView.swift in Sources */,
				23A619482F9CEDC100E7AB36 /* StrikeZoneHeatmapView.swift in Sources */,
				23F7D2F72F759DE90010D7BF /* StrikeZoneButtonLabel.swift in Sources */,
				23F7D2C02F758DE70010D7BF /* CodeDisplayOverlayView.swift in Sources */,
			);
			runOnlyForDeploymentPostprocessing = 0;
		};
		23F7D2C12F758F710010D7BF /* Sources */ = {
			isa = PBXSourcesBuildPhase;
			buildActionMask = 2147483647;
			files = (
				23F7D2E02F7597E80010D7BF /* DisplayOnlyScreen.swift in Sources */,
				23F7D2DE2F7597D80010D7BF /* PitchMarkDisplayApp.swift in Sources */,
				23F7D2DF2F7597E10010D7BF /* DisplayRootView.swift in Sources */,
				23F7D2E52F7599F20010D7BF /* CodeDisplayOverlayView.swift in Sources */,
			);
			runOnlyForDeploymentPostprocessing = 0;
		};
/* End PBXSourcesBuildPhase section */

/* Begin XCBuildConfiguration section */
		239F0B852F12B239004E32DD /* Debug */ = {
			isa = XCBuildConfiguration;
			buildSettings = {
				ALWAYS_SEARCH_USER_PATHS = NO;
				ASSETCATALOG_COMPILER_GENERATE_SWIFT_ASSET_SYMBOL_EXTENSIONS = YES;
				CLANG_ANALYZER_NONNULL = YES;
				CLANG_ANALYZER_NUMBER_OBJECT_CONVERSION = YES_AGGRESSIVE;
				CLANG_CXX_LANGUAGE_STANDARD = "gnu++20";
				CLANG_ENABLE_MODULES = YES;
				CLANG_ENABLE_OBJC_ARC = YES;
				CLANG_ENABLE_OBJC_WEAK = YES;
				CLANG_WARN_BLOCK_CAPTURE_AUTORELEASING = YES;
				CLANG_WARN_BOOL_CONVERSION = YES;
				CLANG_WARN_COMMA = YES;
				CLANG_WARN_CONSTANT_CONVERSION = YES;
				CLANG_WARN_DEPRECATED_OBJC_IMPLEMENTATIONS = YES;
				CLANG_WARN_DIRECT_OBJC_ISA_USAGE = YES_ERROR;
				CLANG_WARN_DOCUMENTATION_COMMENTS = YES;
				CLANG_WARN_EMPTY_BODY = YES;
				CLANG_WARN_ENUM_CONVERSION = YES;
				CLANG_WARN_INFINITE_RECURSION = YES;
				CLANG_WARN_INT_CONVERSION = YES;
				CLANG_WARN_NON_LITERAL_NULL_CONVERSION = YES;
				CLANG_WARN_OBJC_IMPLICIT_RETAIN_SELF = YES;
				CLANG_WARN_OBJC_LITERAL_CONVERSION = YES;
				CLANG_WARN_OBJC_ROOT_CLASS = YES_ERROR;
				CLANG_WARN_QUOTED_INCLUDE_IN_FRAMEWORK_HEADER = YES;
				CLANG_WARN_RANGE_LOOP_ANALYSIS = YES;
				CLANG_WARN_STRICT_PROTOTYPES = YES;
				CLANG_WARN_SUSPICIOUS_MOVE = YES;
				CLANG_WARN_UNGUARDED_AVAILABILITY = YES_AGGRESSIVE;
				CLANG_WARN_UNREACHABLE_CODE = YES;
				CLANG_WARN__DUPLICATE_METHOD_MATCH = YES;
				COPY_PHASE_STRIP = NO;
				DEBUG_INFORMATION_FORMAT = dwarf;
				DEVELOPMENT_TEAM = E3TJVK4339;
				ENABLE_STRICT_OBJC_MSGSEND = YES;
				ENABLE_TESTABILITY = YES;
				ENABLE_USER_SCRIPT_SANDBOXING = YES;
				GCC_C_LANGUAGE_STANDARD = gnu17;
				GCC_DYNAMIC_NO_PIC = NO;
				GCC_NO_COMMON_BLOCKS = YES;
				GCC_OPTIMIZATION_LEVEL = 0;
				GCC_PREPROCESSOR_DEFINITIONS = (
					"DEBUG=1",
					"$(inherited)",
				);
				GCC_WARN_64_TO_32_BIT_CONVERSION = YES;
				GCC_WARN_ABOUT_RETURN_TYPE = YES_ERROR;
				GCC_WARN_UNDECLARED_SELECTOR = YES;
				GCC_WARN_UNINITIALIZED_AUTOS = YES_AGGRESSIVE;
				GCC_WARN_UNUSED_FUNCTION = YES;
				GCC_WARN_UNUSED_VARIABLE = YES;
				IPHONEOS_DEPLOYMENT_TARGET = 26.2;
				LOCALIZATION_PREFERS_STRING_CATALOGS = YES;
				MTL_ENABLE_DEBUG_INFO = INCLUDE_SOURCE;
				MTL_FAST_MATH = YES;
				ONLY_ACTIVE_ARCH = YES;
				SDKROOT = iphoneos;
				SWIFT_ACTIVE_COMPILATION_CONDITIONS = "DEBUG $(inherited)";
				SWIFT_OPTIMIZATION_LEVEL = "-Onone";
			};
			name = Debug;
		};
		239F0B862F12B239004E32DD /* Release */ = {
			isa = XCBuildConfiguration;
			buildSettings = {
				ALWAYS_SEARCH_USER_PATHS = NO;
				ASSETCATALOG_COMPILER_GENERATE_SWIFT_ASSET_SYMBOL_EXTENSIONS = YES;
				CLANG_ANALYZER_NONNULL = YES;
				CLANG_ANALYZER_NUMBER_OBJECT_CONVERSION = YES_AGGRESSIVE;
				CLANG_CXX_LANGUAGE_STANDARD = "gnu++20";
				CLANG_ENABLE_MODULES = YES;
				CLANG_ENABLE_OBJC_ARC = YES;
				CLANG_ENABLE_OBJC_WEAK = YES;
				CLANG_WARN_BLOCK_CAPTURE_AUTORELEASING = YES;
				CLANG_WARN_BOOL_CONVERSION = YES;
				CLANG_WARN_COMMA = YES;
				CLANG_WARN_CONSTANT_CONVERSION = YES;
				CLANG_WARN_DEPRECATED_OBJC_IMPLEMENTATIONS = YES;
				CLANG_WARN_DIRECT_OBJC_ISA_USAGE = YES_ERROR;
				CLANG_WARN_DOCUMENTATION_COMMENTS = YES;
				CLANG_WARN_EMPTY_BODY = YES;
				CLANG_WARN_ENUM_CONVERSION = YES;
				CLANG_WARN_INFINITE_RECURSION = YES;
				CLANG_WARN_INT_CONVERSION = YES;
				CLANG_WARN_NON_LITERAL_NULL_CONVERSION = YES;
				CLANG_WARN_OBJC_IMPLICIT_RETAIN_SELF = YES;
				CLANG_WARN_OBJC_LITERAL_CONVERSION = YES;
				CLANG_WARN_OBJC_ROOT_CLASS = YES_ERROR;
				CLANG_WARN_QUOTED_INCLUDE_IN_FRAMEWORK_HEADER = YES;
				CLANG_WARN_RANGE_LOOP_ANALYSIS = YES;
				CLANG_WARN_STRICT_PROTOTYPES = YES;
				CLANG_WARN_SUSPICIOUS_MOVE = YES;
				CLANG_WARN_UNGUARDED_AVAILABILITY = YES_AGGRESSIVE;
				CLANG_WARN_UNREACHABLE_CODE = YES;
				CLANG_WARN__DUPLICATE_METHOD_MATCH = YES;
				COPY_PHASE_STRIP = NO;
				DEBUG_INFORMATION_FORMAT = "dwarf-with-dsym";
				DEVELOPMENT_TEAM = E3TJVK4339;
				ENABLE_NS_ASSERTIONS = NO;
				ENABLE_STRICT_OBJC_MSGSEND = YES;
				ENABLE_USER_SCRIPT_SANDBOXING = YES;
				GCC_C_LANGUAGE_STANDARD = gnu17;
				GCC_NO_COMMON_BLOCKS = YES;
				GCC_WARN_64_TO_32_BIT_CONVERSION = YES;
				GCC_WARN_ABOUT_RETURN_TYPE = YES_ERROR;
				GCC_WARN_UNDECLARED_SELECTOR = YES;
				GCC_WARN_UNINITIALIZED_AUTOS = YES_AGGRESSIVE;
				GCC_WARN_UNUSED_FUNCTION = YES;
				GCC_WARN_UNUSED_VARIABLE = YES;
				IPHONEOS_DEPLOYMENT_TARGET = 26.2;
				LOCALIZATION_PREFERS_STRING_CATALOGS = YES;
				MTL_ENABLE_DEBUG_INFO = NO;
				MTL_FAST_MATH = YES;
				SDKROOT = iphoneos;
				SWIFT_COMPILATION_MODE = wholemodule;
				VALIDATE_PRODUCT = YES;
			};
			name = Release;
		};
		239F0B882F12B239004E32DD /* Debug */ = {
			isa = XCBuildConfiguration;
			buildSettings = {
				ASSETCATALOG_COMPILER_APPICON_NAME = AppIcon;
				ASSETCATALOG_COMPILER_GLOBAL_ACCENT_COLOR_NAME = AccentColor;
				CODE_SIGN_ENTITLEMENTS = PitchMark/PitchMark.entitlements;
				CODE_SIGN_STYLE = Automatic;
				CURRENT_PROJECT_VERSION = 1;
				DEVELOPMENT_TEAM = E3TJVK4339;
				ENABLE_PREVIEWS = YES;
				GENERATE_INFOPLIST_FILE = YES;
				INFOPLIST_FILE = PitchMark/Info.plist;
				INFOPLIST_KEY_CFBundleDisplayName = Pitchmark;
				INFOPLIST_KEY_LSApplicationCategoryType = "public.app-category.sports";
				INFOPLIST_KEY_UIApplicationSceneManifest_Generation = YES;
				INFOPLIST_KEY_UIApplicationSupportsIndirectInputEvents = YES;
				INFOPLIST_KEY_UILaunchScreen_Generation = YES;
				INFOPLIST_KEY_UISupportedInterfaceOrientations = UIInterfaceOrientationPortrait;
				INFOPLIST_KEY_UISupportedInterfaceOrientations_iPad = "UIInterfaceOrientationLandscapeLeft UIInterfaceOrientationLandscapeRight UIInterfaceOrientationPortrait UIInterfaceOrientationPortraitUpsideDown";
				IPHONEOS_DEPLOYMENT_TARGET = 17.6;
				LD_RUNPATH_SEARCH_PATHS = (
					"$(inherited)",
					"@executable_path/Frameworks",
				);
				MARKETING_VERSION = 1.0;
				PRODUCT_BUNDLE_IDENTIFIER = com.MarkSpringer.PitchMark;
				PRODUCT_NAME = "$(TARGET_NAME)";
				STRING_CATALOG_GENERATE_SYMBOLS = YES;
				SUPPORTED_PLATFORMS = "iphoneos iphonesimulator";
				SUPPORTS_MACCATALYST = NO;
				SUPPORTS_MAC_DESIGNED_FOR_IPHONE_IPAD = NO;
				SUPPORTS_XR_DESIGNED_FOR_IPHONE_IPAD = NO;
				SWIFT_APPROACHABLE_CONCURRENCY = YES;
				SWIFT_DEFAULT_ACTOR_ISOLATION = MainActor;
				SWIFT_EMIT_LOC_STRINGS = YES;
				SWIFT_UPCOMING_FEATURE_MEMBER_IMPORT_VISIBILITY = YES;
				SWIFT_VERSION = 5.0;
				TARGETED_DEVICE_FAMILY = "1,2";
			};
			name = Debug;
		};
		239F0B892F12B239004E32DD /* Release */ = {
			isa = XCBuildConfiguration;
			buildSettings = {
				ASSETCATALOG_COMPILER_APPICON_NAME = AppIcon;
				ASSETCATALOG_COMPILER_GLOBAL_ACCENT_COLOR_NAME = AccentColor;
				CODE_SIGN_ENTITLEMENTS = PitchMark/PitchMark.entitlements;
				CODE_SIGN_STYLE = Automatic;
				CURRENT_PROJECT_VERSION = 1;
				DEVELOPMENT_TEAM = E3TJVK4339;
				ENABLE_PREVIEWS = YES;
				GENERATE_INFOPLIST_FILE = YES;
				INFOPLIST_FILE = PitchMark/Info.plist;
				INFOPLIST_KEY_CFBundleDisplayName = Pitchmark;
				INFOPLIST_KEY_LSApplicationCategoryType = "public.app-category.sports";
				INFOPLIST_KEY_UIApplicationSceneManifest_Generation = YES;
				INFOPLIST_KEY_UIApplicationSupportsIndirectInputEvents = YES;
				INFOPLIST_KEY_UILaunchScreen_Generation = YES;
				INFOPLIST_KEY_UISupportedInterfaceOrientations = UIInterfaceOrientationPortrait;
				INFOPLIST_KEY_UISupportedInterfaceOrientations_iPad = "UIInterfaceOrientationLandscapeLeft UIInterfaceOrientationLandscapeRight UIInterfaceOrientationPortrait UIInterfaceOrientationPortraitUpsideDown";
				IPHONEOS_DEPLOYMENT_TARGET = 17.6;
				LD_RUNPATH_SEARCH_PATHS = (
					"$(inherited)",
					"@executable_path/Frameworks",
				);
				MARKETING_VERSION = 1.0;
				PRODUCT_BUNDLE_IDENTIFIER = com.MarkSpringer.PitchMark;
				PRODUCT_NAME = "$(TARGET_NAME)";
				STRING_CATALOG_GENERATE_SYMBOLS = YES;
				SUPPORTED_PLATFORMS = "iphoneos iphonesimulator";
				SUPPORTS_MACCATALYST = NO;
				SUPPORTS_MAC_DESIGNED_FOR_IPHONE_IPAD = NO;
				SUPPORTS_XR_DESIGNED_FOR_IPHONE_IPAD = NO;
				SWIFT_APPROACHABLE_CONCURRENCY = YES;
				SWIFT_DEFAULT_ACTOR_ISOLATION = MainActor;
				SWIFT_EMIT_LOC_STRINGS = YES;
				SWIFT_UPCOMING_FEATURE_MEMBER_IMPORT_VISIBILITY = YES;
				SWIFT_VERSION = 5.0;
				TARGETED_DEVICE_FAMILY = "1,2";
			};
			name = Release;
		};
		23F7D2CE2F758F720010D7BF /* Debug */ = {
			isa = XCBuildConfiguration;
			buildSettings = {
				ASSETCATALOG_COMPILER_APPICON_NAME = AppIcon;
				ASSETCATALOG_COMPILER_GLOBAL_ACCENT_COLOR_NAME = AccentColor;
				CODE_SIGN_STYLE = Automatic;
				CURRENT_PROJECT_VERSION = 1;
				DEVELOPMENT_TEAM = E3TJVK4339;
				ENABLE_PREVIEWS = YES;
				GENERATE_INFOPLIST_FILE = YES;
				INFOPLIST_FILE = "Pitchmark-Display-Info.plist";
				INFOPLIST_KEY_CFBundleDisplayName = "PitchMark Codes";
				INFOPLIST_KEY_LSApplicationCategoryType = "public.app-category.sports";
				INFOPLIST_KEY_UIApplicationSceneManifest_Generation = YES;
				INFOPLIST_KEY_UIApplicationSupportsIndirectInputEvents = YES;
				INFOPLIST_KEY_UILaunchScreen_Generation = YES;
				INFOPLIST_KEY_UISupportedInterfaceOrientations_iPad = "UIInterfaceOrientationPortrait UIInterfaceOrientationPortraitUpsideDown UIInterfaceOrientationLandscapeLeft UIInterfaceOrientationLandscapeRight";
				INFOPLIST_KEY_UISupportedInterfaceOrientations_iPhone = "UIInterfaceOrientationPortrait UIInterfaceOrientationLandscapeLeft UIInterfaceOrientationLandscapeRight";
				LD_RUNPATH_SEARCH_PATHS = (
					"$(inherited)",
					"@executable_path/Frameworks",
				);
				MARKETING_VERSION = 1.0;
				PRODUCT_BUNDLE_IDENTIFIER = "app.Pitchmark-Display";
				PRODUCT_NAME = "$(TARGET_NAME)";
				STRING_CATALOG_GENERATE_SYMBOLS = YES;
				SWIFT_APPROACHABLE_CONCURRENCY = YES;
				SWIFT_DEFAULT_ACTOR_ISOLATION = MainActor;
				SWIFT_EMIT_LOC_STRINGS = YES;
				SWIFT_UPCOMING_FEATURE_MEMBER_IMPORT_VISIBILITY = YES;
				SWIFT_VERSION = 5.0;
				TARGETED_DEVICE_FAMILY = "1,2";
			};
			name = Debug;
		};
		23F7D2CF2F758F720010D7BF /* Release */ = {
			isa = XCBuildConfiguration;
			buildSettings = {
				ASSETCATALOG_COMPILER_APPICON_NAME = AppIcon;
				ASSETCATALOG_COMPILER_GLOBAL_ACCENT_COLOR_NAME = AccentColor;
				CODE_SIGN_STYLE = Automatic;
				CURRENT_PROJECT_VERSION = 1;
				DEVELOPMENT_TEAM = E3TJVK4339;
				ENABLE_PREVIEWS = YES;
				GENERATE_INFOPLIST_FILE = YES;
				INFOPLIST_FILE = "Pitchmark-Display-Info.plist";
				INFOPLIST_KEY_CFBundleDisplayName = "PitchMark Codes";
				INFOPLIST_KEY_LSApplicationCategoryType = "public.app-category.sports";
				INFOPLIST_KEY_UIApplicationSceneManifest_Generation = YES;
				INFOPLIST_KEY_UIApplicationSupportsIndirectInputEvents = YES;
				INFOPLIST_KEY_UILaunchScreen_Generation = YES;
				INFOPLIST_KEY_UISupportedInterfaceOrientations_iPad = "UIInterfaceOrientationPortrait UIInterfaceOrientationPortraitUpsideDown UIInterfaceOrientationLandscapeLeft UIInterfaceOrientationLandscapeRight";
				INFOPLIST_KEY_UISupportedInterfaceOrientations_iPhone = "UIInterfaceOrientationPortrait UIInterfaceOrientationLandscapeLeft UIInterfaceOrientationLandscapeRight";
				LD_RUNPATH_SEARCH_PATHS = (
					"$(inherited)",
					"@executable_path/Frameworks",
				);
				MARKETING_VERSION = 1.0;
				PRODUCT_BUNDLE_IDENTIFIER = "app.Pitchmark-Display";
				PRODUCT_NAME = "$(TARGET_NAME)";
				STRING_CATALOG_GENERATE_SYMBOLS = YES;
				SWIFT_APPROACHABLE_CONCURRENCY = YES;
				SWIFT_DEFAULT_ACTOR_ISOLATION = MainActor;
				SWIFT_EMIT_LOC_STRINGS = YES;
				SWIFT_UPCOMING_FEATURE_MEMBER_IMPORT_VISIBILITY = YES;
				SWIFT_VERSION = 5.0;
				TARGETED_DEVICE_FAMILY = "1,2";
			};
			name = Release;
		};
/* End XCBuildConfiguration section */

/* Begin XCConfigurationList section */
		239F0B772F12B238004E32DD /* Build configuration list for PBXProject "PitchMark" */ = {
			isa = XCConfigurationList;
			buildConfigurations = (
				239F0B852F12B239004E32DD /* Debug */,
				239F0B862F12B239004E32DD /* Release */,
			);
			defaultConfigurationIsVisible = 0;
			defaultConfigurationName = Release;
		};
		239F0B872F12B239004E32DD /* Build configuration list for PBXNativeTarget "PitchMark" */ = {
			isa = XCConfigurationList;
			buildConfigurations = (
				239F0B882F12B239004E32DD /* Debug */,
				239F0B892F12B239004E32DD /* Release */,
			);
			defaultConfigurationIsVisible = 0;
			defaultConfigurationName = Release;
		};
		23F7D2CD2F758F720010D7BF /* Build configuration list for PBXNativeTarget "Pitchmark Display" */ = {
			isa = XCConfigurationList;
			buildConfigurations = (
				23F7D2CE2F758F720010D7BF /* Debug */,
				23F7D2CF2F758F720010D7BF /* Release */,
			);
			defaultConfigurationIsVisible = 0;
			defaultConfigurationName = Release;
		};
/* End XCConfigurationList section */

/* Begin XCRemoteSwiftPackageReference section */
		2307AFBB2F12B49800690E69 /* XCRemoteSwiftPackageReference "firebase-ios-sdk" */ = {
			isa = XCRemoteSwiftPackageReference;
			repositoryURL = "https://github.com/firebase/firebase-ios-sdk";
			requirement = {
				kind = upToNextMajorVersion;
				minimumVersion = 12.7.0;
			};
		};
		2307AFBC2F12BB3A00690E69 /* XCRemoteSwiftPackageReference "GoogleSignIn-iOS" */ = {
			isa = XCRemoteSwiftPackageReference;
			repositoryURL = "https://github.com/google/GoogleSignIn-iOS";
			requirement = {
				kind = upToNextMajorVersion;
				minimumVersion = 9.1.0;
			};
		};
/* End XCRemoteSwiftPackageReference section */

/* Begin XCSwiftPackageProductDependency section */
		2307AFBD2F12BB3A00690E69 /* GoogleSignIn */ = {
			isa = XCSwiftPackageProductDependency;
			package = 2307AFBC2F12BB3A00690E69 /* XCRemoteSwiftPackageReference "GoogleSignIn-iOS" */;
			productName = GoogleSignIn;
		};
		2307AFBF2F12BB3A00690E69 /* GoogleSignInSwift */ = {
			isa = XCSwiftPackageProductDependency;
			package = 2307AFBC2F12BB3A00690E69 /* XCRemoteSwiftPackageReference "GoogleSignIn-iOS" */;
			productName = GoogleSignInSwift;
		};
		232EB1A62F69B81100BE086E /* FirebaseFunctions */ = {
			isa = XCSwiftPackageProductDependency;
			package = 2307AFBB2F12B49800690E69 /* XCRemoteSwiftPackageReference "firebase-ios-sdk" */;
			productName = FirebaseFunctions;
		};
		23B131CD2F75A50800A70589 /* GoogleSignInSwift */ = {
			isa = XCSwiftPackageProductDependency;
			package = 2307AFBC2F12BB3A00690E69 /* XCRemoteSwiftPackageReference "GoogleSignIn-iOS" */;
			productName = GoogleSignInSwift;
		};
		23F1A88A2F12C6EF0094E7BC /* FirebaseAuth */ = {
			isa = XCSwiftPackageProductDependency;
			package = 2307AFBB2F12B49800690E69 /* XCRemoteSwiftPackageReference "firebase-ios-sdk" */;
			productName = FirebaseAuth;
		};
		23F1A88C2F12C7030094E7BC /* FirebaseFirestore */ = {
			isa = XCSwiftPackageProductDependency;
			package = 2307AFBB2F12B49800690E69 /* XCRemoteSwiftPackageReference "firebase-ios-sdk" */;
			productName = FirebaseFirestore;
		};
		23F1A88E2F12C70B0094E7BC /* FirebaseAnalytics */ = {
			isa = XCSwiftPackageProductDependency;
			package = 2307AFBB2F12B49800690E69 /* XCRemoteSwiftPackageReference "firebase-ios-sdk" */;
			productName = FirebaseAnalytics;
		};
		23F1A8902F12C7140094E7BC /* FirebaseAppCheck */ = {
			isa = XCSwiftPackageProductDependency;
			package = 2307AFBB2F12B49800690E69 /* XCRemoteSwiftPackageReference "firebase-ios-sdk" */;
			productName = FirebaseAppCheck;
		};
		23F1A8922F12C7200094E7BC /* FirebaseMessaging */ = {
			isa = XCSwiftPackageProductDependency;
			package = 2307AFBB2F12B49800690E69 /* XCRemoteSwiftPackageReference "firebase-ios-sdk" */;
			productName = FirebaseMessaging;
		};
		23F1A8942F12C7260094E7BC /* FirebaseStorage */ = {
			isa = XCSwiftPackageProductDependency;
			package = 2307AFBB2F12B49800690E69 /* XCRemoteSwiftPackageReference "firebase-ios-sdk" */;
			productName = FirebaseStorage;
		};
		23F7D2E72F759BAE0010D7BF /* FirebaseAppCheck */ = {
			isa = XCSwiftPackageProductDependency;
			package = 2307AFBB2F12B49800690E69 /* XCRemoteSwiftPackageReference "firebase-ios-sdk" */;
			productName = FirebaseAppCheck;
		};
		23F7D2E92F759BAE0010D7BF /* FirebaseAuth */ = {
			isa = XCSwiftPackageProductDependency;
			package = 2307AFBB2F12B49800690E69 /* XCRemoteSwiftPackageReference "firebase-ios-sdk" */;
			productName = FirebaseAuth;
		};
		23F7D2EB2F759BAE0010D7BF /* FirebaseCore */ = {
			isa = XCSwiftPackageProductDependency;
			package = 2307AFBB2F12B49800690E69 /* XCRemoteSwiftPackageReference "firebase-ios-sdk" */;
			productName = FirebaseCore;
		};
		23F7D2ED2F759BAE0010D7BF /* FirebaseFirestore */ = {
			isa = XCSwiftPackageProductDependency;
			package = 2307AFBB2F12B49800690E69 /* XCRemoteSwiftPackageReference "firebase-ios-sdk" */;
			productName = FirebaseFirestore;
		};
		23F7D2EF2F759BAE0010D7BF /* FirebaseFunctions */ = {
			isa = XCSwiftPackageProductDependency;
			package = 2307AFBB2F12B49800690E69 /* XCRemoteSwiftPackageReference "firebase-ios-sdk" */;
			productName = FirebaseFunctions;
		};
		23F7D2F12F759BAE0010D7BF /* GoogleSignIn */ = {
			isa = XCSwiftPackageProductDependency;
			package = 2307AFBC2F12BB3A00690E69 /* XCRemoteSwiftPackageReference "GoogleSignIn-iOS" */;
			productName = GoogleSignIn;
		};
/* End XCSwiftPackageProductDependency section */
	};
	rootObject = 239F0B742F12B238004E32DD /* Project object */;
}
